// !$*UTF8*$!
{
	archiveVersion = 1;
	classes = {
	};
	objectVersion = 50;
	objects = {

/* Begin PBXBuildFile section */
		1613D4BF271AFA0E00517D25 /* ComputerState.swift in Sources */ = {isa = PBXBuildFile; fileRef = 1613D4BE271AFA0E00517D25 /* ComputerState.swift */; };
		1613D4C1271B159A00517D25 /* ComputerPosition.swift in Sources */ = {isa = PBXBuildFile; fileRef = 1613D4C0271B159A00517D25 /* ComputerPosition.swift */; };
		16266ABE272C01E500A0C6F2 /* Move.swift in Sources */ = {isa = PBXBuildFile; fileRef = 16266ABD272C01E500A0C6F2 /* Move.swift */; };
		16266AC0272C073400A0C6F2 /* SinglePlayerGameComplexity.swift in Sources */ = {isa = PBXBuildFile; fileRef = 16266ABF272C073400A0C6F2 /* SinglePlayerGameComplexity.swift */; };
		16266AC2272C69FE00A0C6F2 /* CongratulatoryUIView.swift in Sources */ = {isa = PBXBuildFile; fileRef = 16266AC1272C69FE00A0C6F2 /* CongratulatoryUIView.swift */; };
		16266AC4272C6BB300A0C6F2 /* CongratulatoryViewController.swift in Sources */ = {isa = PBXBuildFile; fileRef = 16266AC3272C6BB300A0C6F2 /* CongratulatoryViewController.swift */; };
		165248C02726E4AC00CA943C /* GameTypeState.swift in Sources */ = {isa = PBXBuildFile; fileRef = 165248BF2726E4AC00CA943C /* GameTypeState.swift */; };
		165248C22726E88A00CA943C /* GameboardState.swift in Sources */ = {isa = PBXBuildFile; fileRef = 165248C12726E88A00CA943C /* GameboardState.swift */; };
		165248C42726EFD400CA943C /* ComputerMovesAlgorithm.swift in Sources */ = {isa = PBXBuildFile; fileRef = 165248C32726EFD400CA943C /* ComputerMovesAlgorithm.swift */; };
		165248C62727033100CA943C /* ReviewGameState.swift in Sources */ = {isa = PBXBuildFile; fileRef = 165248C52727033100CA943C /* ReviewGameState.swift */; };
		165FA8CE273026A100557E47 /* SwiftTickTackToeTests.swift in Sources */ = {isa = PBXBuildFile; fileRef = 165FA8CD273026A100557E47 /* SwiftTickTackToeTests.swift */; };
		165FA8D62730272800557E47 /* ComputerMovesAlgorithmTest.swift in Sources */ = {isa = PBXBuildFile; fileRef = 165FA8D52730272800557E47 /* ComputerMovesAlgorithmTest.swift */; };
		168B984F2714B90400A66B51 /* MainViewController.swift in Sources */ = {isa = PBXBuildFile; fileRef = 168B984E2714B90400A66B51 /* MainViewController.swift */; };
		168B98522714B95E00A66B51 /* GameboardView.swift in Sources */ = {isa = PBXBuildFile; fileRef = 168B98512714B95E00A66B51 /* GameboardView.swift */; };
		168B98542714B97100A66B51 /* MainViewControllerView.swift in Sources */ = {isa = PBXBuildFile; fileRef = 168B98532714B97100A66B51 /* MainViewControllerView.swift */; };
		168B98562714B97E00A66B51 /* GameViewControllerView.swift in Sources */ = {isa = PBXBuildFile; fileRef = 168B98552714B97E00A66B51 /* GameViewControllerView.swift */; };
		16A167972715E4CF007E63FE /* GameboardPosition.swift in Sources */ = {isa = PBXBuildFile; fileRef = 16A167962715E4CF007E63FE /* GameboardPosition.swift */; };
		16A167992715E4EE007E63FE /* GameboardSize.swift in Sources */ = {isa = PBXBuildFile; fileRef = 16A167982715E4EE007E63FE /* GameboardSize.swift */; };
		16A1679B2715E522007E63FE /* Player.swift in Sources */ = {isa = PBXBuildFile; fileRef = 16A1679A2715E522007E63FE /* Player.swift */; };
		16A1679D2715E543007E63FE /* Gameboard.swift in Sources */ = {isa = PBXBuildFile; fileRef = 16A1679C2715E543007E63FE /* Gameboard.swift */; };
		16A1679F2715E584007E63FE /* MarkView.swift in Sources */ = {isa = PBXBuildFile; fileRef = 16A1679E2715E584007E63FE /* MarkView.swift */; };
		16A167A12715E5BF007E63FE /* OView.swift in Sources */ = {isa = PBXBuildFile; fileRef = 16A167A02715E5BF007E63FE /* OView.swift */; };
		16A167A32715E5D7007E63FE /* XView.swift in Sources */ = {isa = PBXBuildFile; fileRef = 16A167A22715E5D7007E63FE /* XView.swift */; };
		16A167A72715E63B007E63FE /* Referee.swift in Sources */ = {isa = PBXBuildFile; fileRef = 16A167A62715E63B007E63FE /* Referee.swift */; };
		16A167AA2715E770007E63FE /* GameState.swift in Sources */ = {isa = PBXBuildFile; fileRef = 16A167A92715E770007E63FE /* GameState.swift */; };
		16A167AC2715E779007E63FE /* PlayerState.swift in Sources */ = {isa = PBXBuildFile; fileRef = 16A167AB2715E779007E63FE /* PlayerState.swift */; };
		16A167AE2715E789007E63FE /* GameOverState.swift in Sources */ = {isa = PBXBuildFile; fileRef = 16A167AD2715E789007E63FE /* GameOverState.swift */; };
		16C631462714B23B0040B47D /* AppDelegate.swift in Sources */ = {isa = PBXBuildFile; fileRef = 16C631452714B23B0040B47D /* AppDelegate.swift */; };
		16C631482714B23B0040B47D /* SceneDelegate.swift in Sources */ = {isa = PBXBuildFile; fileRef = 16C631472714B23B0040B47D /* SceneDelegate.swift */; };
		16C6314A2714B23B0040B47D /* GameViewController.swift in Sources */ = {isa = PBXBuildFile; fileRef = 16C631492714B23B0040B47D /* GameViewController.swift */; };
		16C6314F2714B2400040B47D /* Assets.xcassets in Resources */ = {isa = PBXBuildFile; fileRef = 16C6314E2714B2400040B47D /* Assets.xcassets */; };
		16C631522714B2400040B47D /* LaunchScreen.storyboard in Resources */ = {isa = PBXBuildFile; fileRef = 16C631502714B2400040B47D /* LaunchScreen.storyboard */; };
		16CBC6B927187D70002A308B /* UIColorExtension.swift in Sources */ = {isa = PBXBuildFile; fileRef = 16CBC6B827187D70002A308B /* UIColorExtension.swift */; };
		16F6A16D271732CF00F93B2F /* GameType.swift in Sources */ = {isa = PBXBuildFile; fileRef = 16F6A16C271732CF00F93B2F /* GameType.swift */; };
/* End PBXBuildFile section */

/* Begin PBXContainerItemProxy section */
		165FA8D0273026A100557E47 /* PBXContainerItemProxy */ = {
			isa = PBXContainerItemProxy;
			containerPortal = 16C6313A2714B23B0040B47D /* Project object */;
			proxyType = 1;
			remoteGlobalIDString = 16C631412714B23B0040B47D;
			remoteInfo = SwiftTickTackToe;
		};
/* End PBXContainerItemProxy section */

/* Begin PBXFileReference section */
		1613D4BE271AFA0E00517D25 /* ComputerState.swift */ = {isa = PBXFileReference; lastKnownFileType = sourcecode.swift; path = ComputerState.swift; sourceTree = "<group>"; };
		1613D4C0271B159A00517D25 /* ComputerPosition.swift */ = {isa = PBXFileReference; lastKnownFileType = sourcecode.swift; path = ComputerPosition.swift; sourceTree = "<group>"; };
		16266ABD272C01E500A0C6F2 /* Move.swift */ = {isa = PBXFileReference; lastKnownFileType = sourcecode.swift; path = Move.swift; sourceTree = "<group>"; };
		16266ABF272C073400A0C6F2 /* SinglePlayerGameComplexity.swift */ = {isa = PBXFileReference; lastKnownFileType = sourcecode.swift; path = SinglePlayerGameComplexity.swift; sourceTree = "<group>"; };
		16266AC1272C69FE00A0C6F2 /* CongratulatoryUIView.swift */ = {isa = PBXFileReference; lastKnownFileType = sourcecode.swift; path = CongratulatoryUIView.swift; sourceTree = "<group>"; };
		16266AC3272C6BB300A0C6F2 /* CongratulatoryViewController.swift */ = {isa = PBXFileReference; lastKnownFileType = sourcecode.swift; path = CongratulatoryViewController.swift; sourceTree = "<group>"; };
		165248BF2726E4AC00CA943C /* GameTypeState.swift */ = {isa = PBXFileReference; lastKnownFileType = sourcecode.swift; path = GameTypeState.swift; sourceTree = "<group>"; };
		165248C12726E88A00CA943C /* GameboardState.swift */ = {isa = PBXFileReference; lastKnownFileType = sourcecode.swift; path = GameboardState.swift; sourceTree = "<group>"; };
		165248C32726EFD400CA943C /* ComputerMovesAlgorithm.swift */ = {isa = PBXFileReference; lastKnownFileType = sourcecode.swift; path = ComputerMovesAlgorithm.swift; sourceTree = "<group>"; };
		165248C52727033100CA943C /* ReviewGameState.swift */ = {isa = PBXFileReference; lastKnownFileType = sourcecode.swift; path = ReviewGameState.swift; sourceTree = "<group>"; };
		165FA8CB273026A100557E47 /* SwiftTickTackToeTests.xctest */ = {isa = PBXFileReference; explicitFileType = wrapper.cfbundle; includeInIndex = 0; path = SwiftTickTackToeTests.xctest; sourceTree = BUILT_PRODUCTS_DIR; };
		165FA8CD273026A100557E47 /* SwiftTickTackToeTests.swift */ = {isa = PBXFileReference; lastKnownFileType = sourcecode.swift; path = SwiftTickTackToeTests.swift; sourceTree = "<group>"; };
		165FA8CF273026A100557E47 /* Info.plist */ = {isa = PBXFileReference; lastKnownFileType = text.plist.xml; path = Info.plist; sourceTree = "<group>"; };
		165FA8D52730272800557E47 /* ComputerMovesAlgorithmTest.swift */ = {isa = PBXFileReference; lastKnownFileType = sourcecode.swift; path = ComputerMovesAlgorithmTest.swift; sourceTree = "<group>"; };
		168B984E2714B90400A66B51 /* MainViewController.swift */ = {isa = PBXFileReference; lastKnownFileType = sourcecode.swift; path = MainViewController.swift; sourceTree = "<group>"; };
		168B98512714B95E00A66B51 /* GameboardView.swift */ = {isa = PBXFileReference; lastKnownFileType = sourcecode.swift; path = GameboardView.swift; sourceTree = "<group>"; };
		168B98532714B97100A66B51 /* MainViewControllerView.swift */ = {isa = PBXFileReference; lastKnownFileType = sourcecode.swift; path = MainViewControllerView.swift; sourceTree = "<group>"; };
		168B98552714B97E00A66B51 /* GameViewControllerView.swift */ = {isa = PBXFileReference; lastKnownFileType = sourcecode.swift; path = GameViewControllerView.swift; sourceTree = "<group>"; };
		16A167962715E4CF007E63FE /* GameboardPosition.swift */ = {isa = PBXFileReference; lastKnownFileType = sourcecode.swift; path = GameboardPosition.swift; sourceTree = "<group>"; };
		16A167982715E4EE007E63FE /* GameboardSize.swift */ = {isa = PBXFileReference; lastKnownFileType = sourcecode.swift; path = GameboardSize.swift; sourceTree = "<group>"; };
		16A1679A2715E522007E63FE /* Player.swift */ = {isa = PBXFileReference; lastKnownFileType = sourcecode.swift; path = Player.swift; sourceTree = "<group>"; };
		16A1679C2715E543007E63FE /* Gameboard.swift */ = {isa = PBXFileReference; lastKnownFileType = sourcecode.swift; path = Gameboard.swift; sourceTree = "<group>"; };
		16A1679E2715E584007E63FE /* MarkView.swift */ = {isa = PBXFileReference; lastKnownFileType = sourcecode.swift; path = MarkView.swift; sourceTree = "<group>"; };
		16A167A02715E5BF007E63FE /* OView.swift */ = {isa = PBXFileReference; lastKnownFileType = sourcecode.swift; path = OView.swift; sourceTree = "<group>"; };
		16A167A22715E5D7007E63FE /* XView.swift */ = {isa = PBXFileReference; lastKnownFileType = sourcecode.swift; path = XView.swift; sourceTree = "<group>"; };
		16A167A62715E63B007E63FE /* Referee.swift */ = {isa = PBXFileReference; lastKnownFileType = sourcecode.swift; path = Referee.swift; sourceTree = "<group>"; };
		16A167A92715E770007E63FE /* GameState.swift */ = {isa = PBXFileReference; lastKnownFileType = sourcecode.swift; path = GameState.swift; sourceTree = "<group>"; };
		16A167AB2715E779007E63FE /* PlayerState.swift */ = {isa = PBXFileReference; lastKnownFileType = sourcecode.swift; path = PlayerState.swift; sourceTree = "<group>"; };
		16A167AD2715E789007E63FE /* GameOverState.swift */ = {isa = PBXFileReference; lastKnownFileType = sourcecode.swift; path = GameOverState.swift; sourceTree = "<group>"; };
		16C631422714B23B0040B47D /* SwiftTickTackToe.app */ = {isa = PBXFileReference; explicitFileType = wrapper.application; includeInIndex = 0; path = SwiftTickTackToe.app; sourceTree = BUILT_PRODUCTS_DIR; };
		16C631452714B23B0040B47D /* AppDelegate.swift */ = {isa = PBXFileReference; lastKnownFileType = sourcecode.swift; path = AppDelegate.swift; sourceTree = "<group>"; };
		16C631472714B23B0040B47D /* SceneDelegate.swift */ = {isa = PBXFileReference; lastKnownFileType = sourcecode.swift; path = SceneDelegate.swift; sourceTree = "<group>"; };
		16C631492714B23B0040B47D /* GameViewController.swift */ = {isa = PBXFileReference; lastKnownFileType = sourcecode.swift; path = GameViewController.swift; sourceTree = "<group>"; };
		16C6314E2714B2400040B47D /* Assets.xcassets */ = {isa = PBXFileReference; lastKnownFileType = folder.assetcatalog; path = Assets.xcassets; sourceTree = "<group>"; };
		16C631512714B2400040B47D /* Base */ = {isa = PBXFileReference; lastKnownFileType = file.storyboard; name = Base; path = Base.lproj/LaunchScreen.storyboard; sourceTree = "<group>"; };
		16C631532714B2400040B47D /* Info.plist */ = {isa = PBXFileReference; lastKnownFileType = text.plist.xml; path = Info.plist; sourceTree = "<group>"; };
		16CBC6B827187D70002A308B /* UIColorExtension.swift */ = {isa = PBXFileReference; lastKnownFileType = sourcecode.swift; path = UIColorExtension.swift; sourceTree = "<group>"; };
		16F6A16C271732CF00F93B2F /* GameType.swift */ = {isa = PBXFileReference; lastKnownFileType = sourcecode.swift; path = GameType.swift; sourceTree = "<group>"; };
/* End PBXFileReference section */

/* Begin PBXFrameworksBuildPhase section */
		165FA8C8273026A100557E47 /* Frameworks */ = {
			isa = PBXFrameworksBuildPhase;
			buildActionMask = 2147483647;
			files = (
			);
			runOnlyForDeploymentPostprocessing = 0;
		};
		16C6313F2714B23B0040B47D /* Frameworks */ = {
			isa = PBXFrameworksBuildPhase;
			buildActionMask = 2147483647;
			files = (
			);
			runOnlyForDeploymentPostprocessing = 0;
		};
/* End PBXFrameworksBuildPhase section */

/* Begin PBXGroup section */
		165FA8CC273026A100557E47 /* SwiftTickTackToeTests */ = {
			isa = PBXGroup;
			children = (
				165FA8D52730272800557E47 /* ComputerMovesAlgorithmTest.swift */,
				165FA8CD273026A100557E47 /* SwiftTickTackToeTests.swift */,
				165FA8CF273026A100557E47 /* Info.plist */,
			);
			path = SwiftTickTackToeTests;
			sourceTree = "<group>";
		};
		168B984C2714B8AD00A66B51 /* Views */ = {
			isa = PBXGroup;
			children = (
				168B98502714B93B00A66B51 /* MarkView */,
				168B98512714B95E00A66B51 /* GameboardView.swift */,
				168B98552714B97E00A66B51 /* GameViewControllerView.swift */,
				168B98532714B97100A66B51 /* MainViewControllerView.swift */,
				16266AC1272C69FE00A0C6F2 /* CongratulatoryUIView.swift */,
			);
			path = Views;
			sourceTree = "<group>";
		};
		168B984D2714B8B400A66B51 /* VIewControllers */ = {
			isa = PBXGroup;
			children = (
				16C631492714B23B0040B47D /* GameViewController.swift */,
				168B984E2714B90400A66B51 /* MainViewController.swift */,
				16266AC3272C6BB300A0C6F2 /* CongratulatoryViewController.swift */,
			);
			path = VIewControllers;
			sourceTree = "<group>";
		};
		168B98502714B93B00A66B51 /* MarkView */ = {
			isa = PBXGroup;
			children = (
				16A1679E2715E584007E63FE /* MarkView.swift */,
				16A167A02715E5BF007E63FE /* OView.swift */,
				16A167A22715E5D7007E63FE /* XView.swift */,
			);
			path = MarkView;
			sourceTree = "<group>";
		};
		16A167952715E4B7007E63FE /* Models */ = {
			isa = PBXGroup;
			children = (
				16A167962715E4CF007E63FE /* GameboardPosition.swift */,
				16A167982715E4EE007E63FE /* GameboardSize.swift */,
				16A1679A2715E522007E63FE /* Player.swift */,
				16A1679C2715E543007E63FE /* Gameboard.swift */,
				16F6A16C271732CF00F93B2F /* GameType.swift */,
				1613D4C0271B159A00517D25 /* ComputerPosition.swift */,
				16266ABD272C01E500A0C6F2 /* Move.swift */,
				16266ABF272C073400A0C6F2 /* SinglePlayerGameComplexity.swift */,
			);
			path = Models;
			sourceTree = "<group>";
		};
		16A167A82715E75F007E63FE /* State */ = {
			isa = PBXGroup;
			children = (
				165248C12726E88A00CA943C /* GameboardState.swift */,
				16A167A92715E770007E63FE /* GameState.swift */,
				16A167AB2715E779007E63FE /* PlayerState.swift */,
				1613D4BE271AFA0E00517D25 /* ComputerState.swift */,
				16A167AD2715E789007E63FE /* GameOverState.swift */,
				165248BF2726E4AC00CA943C /* GameTypeState.swift */,
				165248C52727033100CA943C /* ReviewGameState.swift */,
			);
			path = State;
			sourceTree = "<group>";
		};
		16C631392714B23B0040B47D = {
			isa = PBXGroup;
			children = (
				16C631442714B23B0040B47D /* SwiftTickTackToe */,
				165FA8CC273026A100557E47 /* SwiftTickTackToeTests */,
				16C631432714B23B0040B47D /* Products */,
			);
			sourceTree = "<group>";
		};
		16C631432714B23B0040B47D /* Products */ = {
			isa = PBXGroup;
			children = (
				16C631422714B23B0040B47D /* SwiftTickTackToe.app */,
				165FA8CB273026A100557E47 /* SwiftTickTackToeTests.xctest */,
			);
			name = Products;
			sourceTree = "<group>";
		};
		16C631442714B23B0040B47D /* SwiftTickTackToe */ = {
			isa = PBXGroup;
			children = (
				16F6A16B271731F000F93B2F /* Resources */,
				16F6A16A271731A900F93B2F /* Business Logic */,
				16F6A1692717319300F93B2F /* Flow */,
				16A167A82715E75F007E63FE /* State */,
				16A167952715E4B7007E63FE /* Models */,
				16C631502714B2400040B47D /* LaunchScreen.storyboard */,
				16C631532714B2400040B47D /* Info.plist */,
			);
			path = SwiftTickTackToe;
			sourceTree = "<group>";
		};
		16F6A1692717319300F93B2F /* Flow */ = {
			isa = PBXGroup;
			children = (
				168B984C2714B8AD00A66B51 /* Views */,
				168B984D2714B8B400A66B51 /* VIewControllers */,
			);
			path = Flow;
			sourceTree = "<group>";
		};
		16F6A16A271731A900F93B2F /* Business Logic */ = {
			isa = PBXGroup;
			children = (
				16C631472714B23B0040B47D /* SceneDelegate.swift */,
				16A167A62715E63B007E63FE /* Referee.swift */,
				165248C32726EFD400CA943C /* ComputerMovesAlgorithm.swift */,
			);
			path = "Business Logic";
			sourceTree = "<group>";
		};
		16F6A16B271731F000F93B2F /* Resources */ = {
			isa = PBXGroup;
			children = (
				16C6314E2714B2400040B47D /* Assets.xcassets */,
				16C631452714B23B0040B47D /* AppDelegate.swift */,
				16CBC6B827187D70002A308B /* UIColorExtension.swift */,
			);
			path = Resources;
			sourceTree = "<group>";
		};
/* End PBXGroup section */

/* Begin PBXNativeTarget section */
		165FA8CA273026A100557E47 /* SwiftTickTackToeTests */ = {
			isa = PBXNativeTarget;
			buildConfigurationList = 165FA8D2273026A100557E47 /* Build configuration list for PBXNativeTarget "SwiftTickTackToeTests" */;
			buildPhases = (
				165FA8C7273026A100557E47 /* Sources */,
				165FA8C8273026A100557E47 /* Frameworks */,
				165FA8C9273026A100557E47 /* Resources */,
			);
			buildRules = (
			);
			dependencies = (
				165FA8D1273026A100557E47 /* PBXTargetDependency */,
			);
			name = SwiftTickTackToeTests;
			productName = SwiftTickTackToeTests;
			productReference = 165FA8CB273026A100557E47 /* SwiftTickTackToeTests.xctest */;
			productType = "com.apple.product-type.bundle.unit-test";
		};
		16C631412714B23B0040B47D /* SwiftTickTackToe */ = {
			isa = PBXNativeTarget;
			buildConfigurationList = 16C631562714B2400040B47D /* Build configuration list for PBXNativeTarget "SwiftTickTackToe" */;
			buildPhases = (
				16C6313E2714B23B0040B47D /* Sources */,
				16C6313F2714B23B0040B47D /* Frameworks */,
				16C631402714B23B0040B47D /* Resources */,
				16F6A1682716CEE100F93B2F /* Swiftlint */,
			);
			buildRules = (
			);
			dependencies = (
			);
			name = SwiftTickTackToe;
			productName = SwiftTickTackToe;
			productReference = 16C631422714B23B0040B47D /* SwiftTickTackToe.app */;
			productType = "com.apple.product-type.application";
		};
/* End PBXNativeTarget section */

/* Begin PBXProject section */
		16C6313A2714B23B0040B47D /* Project object */ = {
			isa = PBXProject;
			attributes = {
				LastSwiftUpdateCheck = 1250;
				LastUpgradeCheck = 1250;
				TargetAttributes = {
					165FA8CA273026A100557E47 = {
						CreatedOnToolsVersion = 12.5.1;
						TestTargetID = 16C631412714B23B0040B47D;
					};
					16C631412714B23B0040B47D = {
						CreatedOnToolsVersion = 12.5.1;
					};
				};
			};
			buildConfigurationList = 16C6313D2714B23B0040B47D /* Build configuration list for PBXProject "SwiftTickTackToe" */;
			compatibilityVersion = "Xcode 9.3";
			developmentRegion = en;
			hasScannedForEncodings = 0;
			knownRegions = (
				en,
				Base,
			);
			mainGroup = 16C631392714B23B0040B47D;
			productRefGroup = 16C631432714B23B0040B47D /* Products */;
			projectDirPath = "";
			projectRoot = "";
			targets = (
				16C631412714B23B0040B47D /* SwiftTickTackToe */,
				165FA8CA273026A100557E47 /* SwiftTickTackToeTests */,
			);
		};
/* End PBXProject section */

/* Begin PBXResourcesBuildPhase section */
		165FA8C9273026A100557E47 /* Resources */ = {
			isa = PBXResourcesBuildPhase;
			buildActionMask = 2147483647;
			files = (
			);
			runOnlyForDeploymentPostprocessing = 0;
		};
		16C631402714B23B0040B47D /* Resources */ = {
			isa = PBXResourcesBuildPhase;
			buildActionMask = 2147483647;
			files = (
				16C631522714B2400040B47D /* LaunchScreen.storyboard in Resources */,
				16C6314F2714B2400040B47D /* Assets.xcassets in Resources */,
			);
			runOnlyForDeploymentPostprocessing = 0;
		};
/* End PBXResourcesBuildPhase section */

/* Begin PBXShellScriptBuildPhase section */
		16F6A1682716CEE100F93B2F /* Swiftlint */ = {
			isa = PBXShellScriptBuildPhase;
			buildActionMask = 2147483647;
			files = (
			);
			inputFileListPaths = (
			);
			inputPaths = (
			);
			name = Swiftlint;
			outputFileListPaths = (
			);
			outputPaths = (
			);
			runOnlyForDeploymentPostprocessing = 0;
			shellPath = /bin/sh;
			shellScript = "if which swiftlint >/dev/null; then\n  swiftlint\nelse\n  echo \"warning: SwiftLint not installed, download from https://github.com/realm/SwiftLint\"\nfi\n";
		};
/* End PBXShellScriptBuildPhase section */

/* Begin PBXSourcesBuildPhase section */
		165FA8C7273026A100557E47 /* Sources */ = {
			isa = PBXSourcesBuildPhase;
			buildActionMask = 2147483647;
			files = (
				165FA8D62730272800557E47 /* ComputerMovesAlgorithmTest.swift in Sources */,
				165FA8CE273026A100557E47 /* SwiftTickTackToeTests.swift in Sources */,
			);
			runOnlyForDeploymentPostprocessing = 0;
		};
		16C6313E2714B23B0040B47D /* Sources */ = {
			isa = PBXSourcesBuildPhase;
			buildActionMask = 2147483647;
			files = (
				16266ABE272C01E500A0C6F2 /* Move.swift in Sources */,
				16F6A16D271732CF00F93B2F /* GameType.swift in Sources */,
				16C6314A2714B23B0040B47D /* GameViewController.swift in Sources */,
				165248C02726E4AC00CA943C /* GameTypeState.swift in Sources */,
				165248C42726EFD400CA943C /* ComputerMovesAlgorithm.swift in Sources */,
				16A167972715E4CF007E63FE /* GameboardPosition.swift in Sources */,
				16A1679D2715E543007E63FE /* Gameboard.swift in Sources */,
				1613D4BF271AFA0E00517D25 /* ComputerState.swift in Sources */,
				16C631462714B23B0040B47D /* AppDelegate.swift in Sources */,
				16266AC0272C073400A0C6F2 /* SinglePlayerGameComplexity.swift in Sources */,
				168B98542714B97100A66B51 /* MainViewControllerView.swift in Sources */,
				16A167A32715E5D7007E63FE /* XView.swift in Sources */,
				16A167A72715E63B007E63FE /* Referee.swift in Sources */,
				16A167992715E4EE007E63FE /* GameboardSize.swift in Sources */,
				16A167AA2715E770007E63FE /* GameState.swift in Sources */,
				16A167AC2715E779007E63FE /* PlayerState.swift in Sources */,
				168B98562714B97E00A66B51 /* GameViewControllerView.swift in Sources */,
				168B98522714B95E00A66B51 /* GameboardView.swift in Sources */,
				16A167AE2715E789007E63FE /* GameOverState.swift in Sources */,
				16266AC2272C69FE00A0C6F2 /* CongratulatoryUIView.swift in Sources */,
				16A167A12715E5BF007E63FE /* OView.swift in Sources */,
				16C631482714B23B0040B47D /* SceneDelegate.swift in Sources */,
				165248C62727033100CA943C /* ReviewGameState.swift in Sources */,
				16A1679B2715E522007E63FE /* Player.swift in Sources */,
				16CBC6B927187D70002A308B /* UIColorExtension.swift in Sources */,
				1613D4C1271B159A00517D25 /* ComputerPosition.swift in Sources */,
				168B984F2714B90400A66B51 /* MainViewController.swift in Sources */,
				165248C22726E88A00CA943C /* GameboardState.swift in Sources */,
				16266AC4272C6BB300A0C6F2 /* CongratulatoryViewController.swift in Sources */,
				16A1679F2715E584007E63FE /* MarkView.swift in Sources */,
			);
			runOnlyForDeploymentPostprocessing = 0;
		};
/* End PBXSourcesBuildPhase section */

/* Begin PBXTargetDependency section */
		165FA8D1273026A100557E47 /* PBXTargetDependency */ = {
			isa = PBXTargetDependency;
			target = 16C631412714B23B0040B47D /* SwiftTickTackToe */;
			targetProxy = 165FA8D0273026A100557E47 /* PBXContainerItemProxy */;
		};
/* End PBXTargetDependency section */

/* Begin PBXVariantGroup section */
		16C631502714B2400040B47D /* LaunchScreen.storyboard */ = {
			isa = PBXVariantGroup;
			children = (
				16C631512714B2400040B47D /* Base */,
			);
			name = LaunchScreen.storyboard;
			sourceTree = "<group>";
		};
/* End PBXVariantGroup section */

/* Begin XCBuildConfiguration section */
		165FA8D3273026A100557E47 /* Debug */ = {
			isa = XCBuildConfiguration;
			buildSettings = {
				BUNDLE_LOADER = "$(TEST_HOST)";
				CODE_SIGN_STYLE = Automatic;
				DEVELOPMENT_TEAM = 97WCP8NGSS;
				INFOPLIST_FILE = SwiftTickTackToeTests/Info.plist;
				LD_RUNPATH_SEARCH_PATHS = (
					"$(inherited)",
					"@executable_path/Frameworks",
					"@loader_path/Frameworks",
				);
				PRODUCT_BUNDLE_IDENTIFIER = com.AndNasPlay.SwiftTickTackToeTests;
				PRODUCT_NAME = "$(TARGET_NAME)";
				SWIFT_VERSION = 5.0;
				TARGETED_DEVICE_FAMILY = "1,2";
				TEST_HOST = "$(BUILT_PRODUCTS_DIR)/SwiftTickTackToe.app/SwiftTickTackToe";
			};
			name = Debug;
		};
		165FA8D4273026A100557E47 /* Release */ = {
			isa = XCBuildConfiguration;
			buildSettings = {
				BUNDLE_LOADER = "$(TEST_HOST)";
				CODE_SIGN_STYLE = Automatic;
				DEVELOPMENT_TEAM = 97WCP8NGSS;
				INFOPLIST_FILE = SwiftTickTackToeTests/Info.plist;
				LD_RUNPATH_SEARCH_PATHS = (
					"$(inherited)",
					"@executable_path/Frameworks",
					"@loader_path/Frameworks",
				);
				PRODUCT_BUNDLE_IDENTIFIER = com.AndNasPlay.SwiftTickTackToeTests;
				PRODUCT_NAME = "$(TARGET_NAME)";
				SWIFT_VERSION = 5.0;
				TARGETED_DEVICE_FAMILY = "1,2";
				TEST_HOST = "$(BUILT_PRODUCTS_DIR)/SwiftTickTackToe.app/SwiftTickTackToe";
			};
			name = Release;
		};
		16C631542714B2400040B47D /* Debug */ = {
			isa = XCBuildConfiguration;
			buildSettings = {
				ALWAYS_SEARCH_USER_PATHS = NO;
				CLANG_ANALYZER_NONNULL = YES;
				CLANG_ANALYZER_NUMBER_OBJECT_CONVERSION = YES_AGGRESSIVE;
				CLANG_CXX_LANGUAGE_STANDARD = "gnu++14";
				CLANG_CXX_LIBRARY = "libc++";
				CLANG_ENABLE_MODULES = YES;
				CLANG_ENABLE_OBJC_ARC = YES;
				CLANG_ENABLE_OBJC_WEAK = YES;
				CLANG_WARN_BLOCK_CAPTURE_AUTORELEASING = YES;
				CLANG_WARN_BOOL_CONVERSION = YES;
				CLANG_WARN_COMMA = YES;
				CLANG_WARN_CONSTANT_CONVERSION = YES;
				CLANG_WARN_DEPRECATED_OBJC_IMPLEMENTATIONS = YES;
				CLANG_WARN_DIRECT_OBJC_ISA_USAGE = YES_ERROR;
				CLANG_WARN_DOCUMENTATION_COMMENTS = YES;
				CLANG_WARN_EMPTY_BODY = YES;
				CLANG_WARN_ENUM_CONVERSION = YES;
				CLANG_WARN_INFINITE_RECURSION = YES;
				CLANG_WARN_INT_CONVERSION = YES;
				CLANG_WARN_NON_LITERAL_NULL_CONVERSION = YES;
				CLANG_WARN_OBJC_IMPLICIT_RETAIN_SELF = YES;
				CLANG_WARN_OBJC_LITERAL_CONVERSION = YES;
				CLANG_WARN_OBJC_ROOT_CLASS = YES_ERROR;
				CLANG_WARN_QUOTED_INCLUDE_IN_FRAMEWORK_HEADER = YES;
				CLANG_WARN_RANGE_LOOP_ANALYSIS = YES;
				CLANG_WARN_STRICT_PROTOTYPES = YES;
				CLANG_WARN_SUSPICIOUS_MOVE = YES;
				CLANG_WARN_UNGUARDED_AVAILABILITY = YES_AGGRESSIVE;
				CLANG_WARN_UNREACHABLE_CODE = YES;
				CLANG_WARN__DUPLICATE_METHOD_MATCH = YES;
				COPY_PHASE_STRIP = NO;
				DEBUG_INFORMATION_FORMAT = dwarf;
				ENABLE_STRICT_OBJC_MSGSEND = YES;
				ENABLE_TESTABILITY = YES;
				GCC_C_LANGUAGE_STANDARD = gnu11;
				GCC_DYNAMIC_NO_PIC = NO;
				GCC_NO_COMMON_BLOCKS = YES;
				GCC_OPTIMIZATION_LEVEL = 0;
				GCC_PREPROCESSOR_DEFINITIONS = (
					"DEBUG=1",
					"$(inherited)",
				);
				GCC_WARN_64_TO_32_BIT_CONVERSION = YES;
				GCC_WARN_ABOUT_RETURN_TYPE = YES_ERROR;
				GCC_WARN_UNDECLARED_SELECTOR = YES;
				GCC_WARN_UNINITIALIZED_AUTOS = YES_AGGRESSIVE;
				GCC_WARN_UNUSED_FUNCTION = YES;
				GCC_WARN_UNUSED_VARIABLE = YES;
				IPHONEOS_DEPLOYMENT_TARGET = 14.5;
				MTL_ENABLE_DEBUG_INFO = INCLUDE_SOURCE;
				MTL_FAST_MATH = YES;
				ONLY_ACTIVE_ARCH = YES;
				SDKROOT = iphoneos;
				SWIFT_ACTIVE_COMPILATION_CONDITIONS = DEBUG;
				SWIFT_OPTIMIZATION_LEVEL = "-Onone";
			};
			name = Debug;
		};
		16C631552714B2400040B47D /* Release */ = {
			isa = XCBuildConfiguration;
			buildSettings = {
				ALWAYS_SEARCH_USER_PATHS = NO;
				CLANG_ANALYZER_NONNULL = YES;
				CLANG_ANALYZER_NUMBER_OBJECT_CONVERSION = YES_AGGRESSIVE;
				CLANG_CXX_LANGUAGE_STANDARD = "gnu++14";
				CLANG_CXX_LIBRARY = "libc++";
				CLANG_ENABLE_MODULES = YES;
				CLANG_ENABLE_OBJC_ARC = YES;
				CLANG_ENABLE_OBJC_WEAK = YES;
				CLANG_WARN_BLOCK_CAPTURE_AUTORELEASING = YES;
				CLANG_WARN_BOOL_CONVERSION = YES;
				CLANG_WARN_COMMA = YES;
				CLANG_WARN_CONSTANT_CONVERSION = YES;
				CLANG_WARN_DEPRECATED_OBJC_IMPLEMENTATIONS = YES;
				CLANG_WARN_DIRECT_OBJC_ISA_USAGE = YES_ERROR;
				CLANG_WARN_DOCUMENTATION_COMMENTS = YES;
				CLANG_WARN_EMPTY_BODY = YES;
				CLANG_WARN_ENUM_CONVERSION = YES;
				CLANG_WARN_INFINITE_RECURSION = YES;
				CLANG_WARN_INT_CONVERSION = YES;
				CLANG_WARN_NON_LITERAL_NULL_CONVERSION = YES;
				CLANG_WARN_OBJC_IMPLICIT_RETAIN_SELF = YES;
				CLANG_WARN_OBJC_LITERAL_CONVERSION = YES;
				CLANG_WARN_OBJC_ROOT_CLASS = YES_ERROR;
				CLANG_WARN_QUOTED_INCLUDE_IN_FRAMEWORK_HEADER = YES;
				CLANG_WARN_RANGE_LOOP_ANALYSIS = YES;
				CLANG_WARN_STRICT_PROTOTYPES = YES;
				CLANG_WARN_SUSPICIOUS_MOVE = YES;
				CLANG_WARN_UNGUARDED_AVAILABILITY = YES_AGGRESSIVE;
				CLANG_WARN_UNREACHABLE_CODE = YES;
				CLANG_WARN__DUPLICATE_METHOD_MATCH = YES;
				COPY_PHASE_STRIP = NO;
				DEBUG_INFORMATION_FORMAT = "dwarf-with-dsym";
				ENABLE_NS_ASSERTIONS = NO;
				ENABLE_STRICT_OBJC_MSGSEND = YES;
				GCC_C_LANGUAGE_STANDARD = gnu11;
				GCC_NO_COMMON_BLOCKS = YES;
				GCC_WARN_64_TO_32_BIT_CONVERSION = YES;
				GCC_WARN_ABOUT_RETURN_TYPE = YES_ERROR;
				GCC_WARN_UNDECLARED_SELECTOR = YES;
				GCC_WARN_UNINITIALIZED_AUTOS = YES_AGGRESSIVE;
				GCC_WARN_UNUSED_FUNCTION = YES;
				GCC_WARN_UNUSED_VARIABLE = YES;
				IPHONEOS_DEPLOYMENT_TARGET = 14.5;
				MTL_ENABLE_DEBUG_INFO = NO;
				MTL_FAST_MATH = YES;
				SDKROOT = iphoneos;
				SWIFT_COMPILATION_MODE = wholemodule;
				SWIFT_OPTIMIZATION_LEVEL = "-O";
				VALIDATE_PRODUCT = YES;
			};
			name = Release;
		};
		16C631572714B2400040B47D /* Debug */ = {
			isa = XCBuildConfiguration;
			buildSettings = {
				ASSETCATALOG_COMPILER_APPICON_NAME = AppIcon;
				ASSETCATALOG_COMPILER_GLOBAL_ACCENT_COLOR_NAME = AccentColor;
				CODE_SIGN_STYLE = Automatic;
				DEVELOPMENT_TEAM = 97WCP8NGSS;
				INFOPLIST_FILE = SwiftTickTackToe/Info.plist;
				LD_RUNPATH_SEARCH_PATHS = (
					"$(inherited)",
					"@executable_path/Frameworks",
				);
				PRODUCT_BUNDLE_IDENTIFIER = com.AndNasPlay.SwiftTickTackToe;
				PRODUCT_NAME = "$(TARGET_NAME)";
				SWIFT_VERSION = 5.0;
				TARGETED_DEVICE_FAMILY = "1,2";
			};
			name = Debug;
		};
		16C631582714B2400040B47D /* Release */ = {
			isa = XCBuildConfiguration;
			buildSettings = {
				ASSETCATALOG_COMPILER_APPICON_NAME = AppIcon;
				ASSETCATALOG_COMPILER_GLOBAL_ACCENT_COLOR_NAME = AccentColor;
				CODE_SIGN_STYLE = Automatic;
				DEVELOPMENT_TEAM = 97WCP8NGSS;
				INFOPLIST_FILE = SwiftTickTackToe/Info.plist;
				LD_RUNPATH_SEARCH_PATHS = (
					"$(inherited)",
					"@executable_path/Frameworks",
				);
				PRODUCT_BUNDLE_IDENTIFIER = com.AndNasPlay.SwiftTickTackToe;
				PRODUCT_NAME = "$(TARGET_NAME)";
				SWIFT_VERSION = 5.0;
				TARGETED_DEVICE_FAMILY = "1,2";
			};
			name = Release;
		};
/* End XCBuildConfiguration section */

/* Begin XCConfigurationList section */
		165FA8D2273026A100557E47 /* Build configuration list for PBXNativeTarget "SwiftTickTackToeTests" */ = {
			isa = XCConfigurationList;
			buildConfigurations = (
				165FA8D3273026A100557E47 /* Debug */,
				165FA8D4273026A100557E47 /* Release */,
			);
			defaultConfigurationIsVisible = 0;
			defaultConfigurationName = Release;
		};
		16C6313D2714B23B0040B47D /* Build configuration list for PBXProject "SwiftTickTackToe" */ = {
			isa = XCConfigurationList;
			buildConfigurations = (
				16C631542714B2400040B47D /* Debug */,
				16C631552714B2400040B47D /* Release */,
			);
			defaultConfigurationIsVisible = 0;
			defaultConfigurationName = Release;
		};
		16C631562714B2400040B47D /* Build configuration list for PBXNativeTarget "SwiftTickTackToe" */ = {
			isa = XCConfigurationList;
			buildConfigurations = (
				16C631572714B2400040B47D /* Debug */,
				16C631582714B2400040B47D /* Release */,
			);
			defaultConfigurationIsVisible = 0;
			defaultConfigurationName = Release;
		};
/* End XCConfigurationList section */
	};
	rootObject = 16C6313A2714B23B0040B47D /* Project object */;
}
